
Microsoft Visual Studio Solution File, Format Version 12.00
# Visual Studio 15
VisualStudioVersion = 15.0.28307.1340
MinimumVisualStudioVersion = 10.0.40219.1
Project("{FAE04EC0-301F-11D3-BF4B-00C04F79EFBC}") = "正则表达式", "ConProgram\正则表达式.csproj", "{D335EE1D-A2D4-4750-A745-C9B657C8B77C}"
EndProject
Project("{FAE04EC0-301F-11D3-BF4B-00C04F79EFBC}") = "LinqClass", "LinqClass\LinqClass.csproj", "{6E548542-99D2-4E33-9135-33B616187C44}"
EndProject
Project("{FAE04EC0-301F-11D3-BF4B-00C04F79EFBC}") = "Actor", "Actor\Actor.csproj", "{2C975AEE-A858-49A1-82F8-30D71E81866C}"
EndProject
Project("{FAE04EC0-301F-11D3-BF4B-00C04F79EFBC}") = "线程", "线程\线程.csproj", "{1F993116-89CF-469C-91B9-7656E4A6BCDA}"
EndProject
Project("{FAE04EC0-301F-11D3-BF4B-00C04F79EFBC}") = "装饰者模式", "装饰者模式\装饰者模式.csproj", "{C82EE202-2C6F-4B49-8CF9-528706A6B445}"
EndProject
Project("{FAE04EC0-301F-11D3-BF4B-00C04F79EFBC}") = "TestConsole", "TestConsole\TestConsole.csproj", "{D1F68F8A-CDA9-4C88-8A27-0C69CC521C1A}"
EndProject
Project("{FAE04EC0-301F-11D3-BF4B-00C04F79EFBC}") = "面向接口", "面向接口\面向接口.csproj", "{08C13B1E-AB10-486C-881E-74EF600C31C0}"
EndProject
Project("{FAE04EC0-301F-11D3-BF4B-00C04F79EFBC}") = "CPU内存监控工具", "CPU内存监控工具\CPU内存监控工具.csproj", "{FCC52DD8-20EB-458C-B972-B10FDCDEB6BE}"
EndProject
Project("{FAE04EC0-301F-11D3-BF4B-00C04F79EFBC}") = "Test", "Test\Test.csproj", "{2D6FA720-9A04-4C02-B49F-E00DB9D8EAED}"
EndProject
Project("{FAE04EC0-301F-11D3-BF4B-00C04F79EFBC}") = "ceshi", "ceshi\ceshi.csproj", "{E655ABCD-CAAA-493B-864F-BC5C4FC2C9CC}"
EndProject
Project("{FAE04EC0-301F-11D3-BF4B-00C04F79EFBC}") = "AttributeTest", "AttributeTest\AttributeTest.csproj", "{D3ADEFF0-B477-40C0-B36E-8CA1E77AC4B5}"
EndProject
Project("{FAE04EC0-301F-11D3-BF4B-00C04F79EFBC}") = "RedisNameSpace", "RedisNameSpace\RedisNameSpace.csproj", "{E80B068F-C334-4471-8910-00FBE52E5986}"
EndProject
Project("{FAE04EC0-301F-11D3-BF4B-00C04F79EFBC}") = "WindowsFormsTest", "WindowsFormsTest\WindowsFormsTest.csproj", "{F3FC599E-5B30-4008-9DDB-927FF8576F3B}"
EndProject
Project("{FAE04EC0-301F-11D3-BF4B-00C04F79EFBC}") = "面向切面", "面向切面\面向切面.csproj", "{9AF03F8F-C11E-4BEC-AEF6-38AA4E96F37C}"
EndProject
Project("{FAE04EC0-301F-11D3-BF4B-00C04F79EFBC}") = "AOP", "AOP\AOP.csproj", "{6AD75FB6-A1AE-48D4-8F39-0EE4D04C0788}"
EndProject
Project("{FAE04EC0-301F-11D3-BF4B-00C04F79EFBC}") = "programer", "架构师之路\programer.csproj", "{5E72746C-720C-4A73-A634-BDE5A3863A62}"
EndProject
Project("{FAE04EC0-301F-11D3-BF4B-00C04F79EFBC}") = "信号量", "信号量\信号量.csproj", "{959C4EE4-E9A2-4C95-99F1-F3AC8296BCB6}"
EndProject
Project("{FAE04EC0-301F-11D3-BF4B-00C04F79EFBC}") = "数学运算", "数学运算\数学运算.csproj", "{90EB4808-5904-47F1-A863-F3619C2E2378}"
EndProject
Project("{FAE04EC0-301F-11D3-BF4B-00C04F79EFBC}") = "SystemInfo", "SystemInfo\SystemInfo.csproj", "{3C780F9D-AD53-4DAC-A562-A742A6318A77}"
EndProject
Project("{FAE04EC0-301F-11D3-BF4B-00C04F79EFBC}") = "IOC", "IOC\IOC.csproj", "{CC4F2775-6C88-43FA-A7EB-6627C4C8179A}"
EndProject
Project("{FAE04EC0-301F-11D3-BF4B-00C04F79EFBC}") = "Spring.NET01", "Spring.NET01\Spring.NET01.csproj", "{3560A16B-2E00-44D3-9991-D75BC11D48F7}"
EndProject
Project("{FAE04EC0-301F-11D3-BF4B-00C04F79EFBC}") = "多线程断点续传", "多线程断点续传\多线程断点续传.csproj", "{17C24C08-BFFE-4C37-89F9-1B372A4760E8}"
EndProject
Project("{FAE04EC0-301F-11D3-BF4B-00C04F79EFBC}") = "BaseNet", "BaseNet\BaseNet.csproj", "{3FA5E72D-978A-4DC7-AE6E-7B0291FB64B5}"
EndProject
Project("{FAE04EC0-301F-11D3-BF4B-00C04F79EFBC}") = "SpringFamily", "SpringFamily\SpringFamily.csproj", "{3836371F-21FB-4F57-9294-77B3899C7E20}"
EndProject
Project("{FAE04EC0-301F-11D3-BF4B-00C04F79EFBC}") = "协变与逆变", "协变与逆变\协变与逆变.csproj", "{6B4635E8-CCD7-4B19-92FD-3F8636E56B46}"
EndProject
Project("{FAE04EC0-301F-11D3-BF4B-00C04F79EFBC}") = "扩展方法", "扩展方法\扩展方法.csproj", "{A1B68F30-2106-4FCE-8D85-02225BFA21C3}"
EndProject
Project("{FAE04EC0-301F-11D3-BF4B-00C04F79EFBC}") = "配置文件设置", "配置文件设置\配置文件设置.csproj", "{075A937A-9BEC-42C3-AFB8-99CA5497EF44}"
EndProject
Project("{FAE04EC0-301F-11D3-BF4B-00C04F79EFBC}") = "爬虫", "爬虫\爬虫.csproj", "{255600D4-B8F7-4721-B1A0-D2CF89925A8A}"
EndProject
Project("{FAE04EC0-301F-11D3-BF4B-00C04F79EFBC}") = "Linq", "Linq\Linq.csproj", "{DCF819D4-4A0B-4764-BE5F-2581D6E87EDD}"
EndProject
Project("{FAE04EC0-301F-11D3-BF4B-00C04F79EFBC}") = "FaceAzureWinform", "FaceAzureWinform\FaceAzureWinform.csproj", "{4291E9AA-0B2E-4085-8FD8-A06A63CF9D6E}"
EndProject
Project("{FAE04EC0-301F-11D3-BF4B-00C04F79EFBC}") = "DeleteAndEvent", "DeleteAndEvent\DeleteAndEvent.csproj", "{78D0082B-EBF8-4F4E-90C8-4F95E6CABD4C}"
EndProject
Project("{FAE04EC0-301F-11D3-BF4B-00C04F79EFBC}") = "MarshalClass", "MarshalClass\MarshalClass.csproj", "{0577BFDB-5F0F-41F8-B138-F75A83C800DB}"
EndProject
Project("{FAE04EC0-301F-11D3-BF4B-00C04F79EFBC}") = "Pointer", "Pointer\Pointer.csproj", "{15F8C290-8B66-476A-AAD3-560AE892469E}"
EndProject
Project("{FAE04EC0-301F-11D3-BF4B-00C04F79EFBC}") = "LOG", "LOG\LOG.csproj", "{B8268135-EB48-45EE-8539-5623DBF41CD9}"
EndProject
Project("{FAE04EC0-301F-11D3-BF4B-00C04F79EFBC}") = "FileOperateClass", "FileOperateClass\FileOperateClass.csproj", "{11B859AD-21FA-439C-90FA-6663DEBB479A}"
EndProject
Project("{FAE04EC0-301F-11D3-BF4B-00C04F79EFBC}") = "WPF测试", "WPF测试\WPF测试.csproj", "{1D0E7E3D-CE1C-4621-B973-E76384D8A073}"
EndProject
Project("{FAE04EC0-301F-11D3-BF4B-00C04F79EFBC}") = "ID_Generate", "ID_Generate\ID_Generate.csproj", "{063D2CF3-733C-4B48-B601-92C7BA514520}"
EndProject
Project("{FAE04EC0-301F-11D3-BF4B-00C04F79EFBC}") = "动态排版", "动态排版\动态排版.csproj", "{B5E0D4CA-472E-4F52-821B-0CCE5117BD10}"
EndProject
Project("{FAE04EC0-301F-11D3-BF4B-00C04F79EFBC}") = "算法", "算法\算法.csproj", "{8A26477B-018D-4136-AE30-CDF4E62A8D1E}"
EndProject
Project("{FAE04EC0-301F-11D3-BF4B-00C04F79EFBC}") = "Weather", "Weather\Weather.csproj", "{9958E91B-9BCD-4FC7-8588-2927F296075F}"
EndProject
Project("{FAE04EC0-301F-11D3-BF4B-00C04F79EFBC}") = "PhotoRar", "PhotoRar\PhotoRar.csproj", "{BF33423A-5B5E-4A9B-8240-BB3E2D97952D}"
EndProject
Project("{FAE04EC0-301F-11D3-BF4B-00C04F79EFBC}") = "PhotoThumb", "PhotoThumb\PhotoThumb.csproj", "{C50BFF23-2762-449B-BF36-F3DB92E7350E}"
EndProject
Project("{FAE04EC0-301F-11D3-BF4B-00C04F79EFBC}") = "DateDll", "DateDll\DateDll.csproj", "{1C01530E-CA50-4B8F-9AF3-08C5E8936848}"
EndProject
Project("{FAE04EC0-301F-11D3-BF4B-00C04F79EFBC}") = "DateOperate", "DateOperate\DateOperate.csproj", "{BFD6CF20-CA73-4714-B869-4B18F4012876}"
EndProject
Project("{FAE04EC0-301F-11D3-BF4B-00C04F79EFBC}") = "HttpTool", "HttpTool\HttpTool.csproj", "{862A4C63-93A7-4799-9048-05293CB48B40}"
EndProject
Project("{FAE04EC0-301F-11D3-BF4B-00C04F79EFBC}") = "EncryptionAlgorith", "EncryptionAlgorith\EncryptionAlgorith.csproj", "{1BA23616-231C-4155-9DB9-036AF2892AC0}"
EndProject
Project("{FAE04EC0-301F-11D3-BF4B-00C04F79EFBC}") = "PinYinRegex", "PinYinRegex\PinYinRegex.csproj", "{EB87C55C-7B08-483C-B084-073699257823}"
EndProject
Project("{FAE04EC0-301F-11D3-BF4B-00C04F79EFBC}") = "HttpHelper", "HttpHelper\HttpHelper.csproj", "{20C7B16E-9F0E-4715-8605-9B46A9DA6CE3}"
EndProject
Project("{FAE04EC0-301F-11D3-BF4B-00C04F79EFBC}") = "万年历算法", "万年历算法\万年历算法.csproj", "{6B39420F-D6A1-4A21-A021-CEB9722E89CB}"
EndProject
Project("{FAE04EC0-301F-11D3-BF4B-00C04F79EFBC}") = "排序散发", "排序散发\排序散发.csproj", "{D0C7D0E8-3536-4C1B-B863-5D09637BB8CB}"
EndProject
Project("{FAE04EC0-301F-11D3-BF4B-00C04F79EFBC}") = "SoftRegister", "SoftRegister\SoftRegister.csproj", "{EEBCB539-B0D7-4189-8EB4-4CBCC6BB1596}"
EndProject
Project("{FAE04EC0-301F-11D3-BF4B-00C04F79EFBC}") = "DeviceInfo", "DeviceInfo\DeviceInfo.csproj", "{17629CB0-8DBE-44A3-B4A9-27E057ED0CDE}"
EndProject
Project("{FAE04EC0-301F-11D3-BF4B-00C04F79EFBC}") = "DesignMode", "DesignMode\DesignMode.csproj", "{F369E5D4-5BD2-4044-9F57-F50D034A66E0}"
EndProject
Project("{FAE04EC0-301F-11D3-BF4B-00C04F79EFBC}") = "Encryption", "Encryption\Encryption.csproj", "{394EA28A-9EC7-401B-99E4-A81C02D35EFF}"
EndProject
Project("{2150E333-8FDC-42A3-9474-1A3956D46DE8}") = "Solution Items", "Solution Items", "{49D8D589-FD52-4D35-BE6F-0E4329F9D12A}"
	ProjectSection(SolutionItems) = preProject
		Route.txt = Route.txt
	EndProjectSection
EndProject
Global
	GlobalSection(SolutionConfigurationPlatforms) = preSolution
		Debug|Any CPU = Debug|Any CPU
		Release|Any CPU = Release|Any CPU
	EndGlobalSection
	GlobalSection(ProjectConfigurationPlatforms) = postSolution
		{D335EE1D-A2D4-4750-A745-C9B657C8B77C}.Debug|Any CPU.ActiveCfg = Debug|Any CPU
		{D335EE1D-A2D4-4750-A745-C9B657C8B77C}.Debug|Any CPU.Build.0 = Debug|Any CPU
		{D335EE1D-A2D4-4750-A745-C9B657C8B77C}.Release|Any CPU.ActiveCfg = Release|Any CPU
		{D335EE1D-A2D4-4750-A745-C9B657C8B77C}.Release|Any CPU.Build.0 = Release|Any CPU
		{6E548542-99D2-4E33-9135-33B616187C44}.Debug|Any CPU.ActiveCfg = Debug|Any CPU
		{6E548542-99D2-4E33-9135-33B616187C44}.Debug|Any CPU.Build.0 = Debug|Any CPU
		{6E548542-99D2-4E33-9135-33B616187C44}.Release|Any CPU.ActiveCfg = Release|Any CPU
		{6E548542-99D2-4E33-9135-33B616187C44}.Release|Any CPU.Build.0 = Release|Any CPU
		{2C975AEE-A858-49A1-82F8-30D71E81866C}.Debug|Any CPU.ActiveCfg = Debug|Any CPU
		{2C975AEE-A858-49A1-82F8-30D71E81866C}.Debug|Any CPU.Build.0 = Debug|Any CPU
		{2C975AEE-A858-49A1-82F8-30D71E81866C}.Release|Any CPU.ActiveCfg = Release|Any CPU
		{2C975AEE-A858-49A1-82F8-30D71E81866C}.Release|Any CPU.Build.0 = Release|Any CPU
		{1F993116-89CF-469C-91B9-7656E4A6BCDA}.Debug|Any CPU.ActiveCfg = Debug|Any CPU
		{1F993116-89CF-469C-91B9-7656E4A6BCDA}.Debug|Any CPU.Build.0 = Debug|Any CPU
		{1F993116-89CF-469C-91B9-7656E4A6BCDA}.Release|Any CPU.ActiveCfg = Release|Any CPU
		{1F993116-89CF-469C-91B9-7656E4A6BCDA}.Release|Any CPU.Build.0 = Release|Any CPU
		{C82EE202-2C6F-4B49-8CF9-528706A6B445}.Debug|Any CPU.ActiveCfg = Debug|Any CPU
		{C82EE202-2C6F-4B49-8CF9-528706A6B445}.Debug|Any CPU.Build.0 = Debug|Any CPU
		{C82EE202-2C6F-4B49-8CF9-528706A6B445}.Release|Any CPU.ActiveCfg = Release|Any CPU
		{C82EE202-2C6F-4B49-8CF9-528706A6B445}.Release|Any CPU.Build.0 = Release|Any CPU
		{D1F68F8A-CDA9-4C88-8A27-0C69CC521C1A}.Debug|Any CPU.ActiveCfg = Debug|Any CPU
		{D1F68F8A-CDA9-4C88-8A27-0C69CC521C1A}.Debug|Any CPU.Build.0 = Debug|Any CPU
		{D1F68F8A-CDA9-4C88-8A27-0C69CC521C1A}.Release|Any CPU.ActiveCfg = Release|Any CPU
		{D1F68F8A-CDA9-4C88-8A27-0C69CC521C1A}.Release|Any CPU.Build.0 = Release|Any CPU
		{08C13B1E-AB10-486C-881E-74EF600C31C0}.Debug|Any CPU.ActiveCfg = Debug|Any CPU
		{08C13B1E-AB10-486C-881E-74EF600C31C0}.Debug|Any CPU.Build.0 = Debug|Any CPU
		{08C13B1E-AB10-486C-881E-74EF600C31C0}.Release|Any CPU.ActiveCfg = Release|Any CPU
		{08C13B1E-AB10-486C-881E-74EF600C31C0}.Release|Any CPU.Build.0 = Release|Any CPU
		{FCC52DD8-20EB-458C-B972-B10FDCDEB6BE}.Debug|Any CPU.ActiveCfg = Debug|Any CPU
		{FCC52DD8-20EB-458C-B972-B10FDCDEB6BE}.Debug|Any CPU.Build.0 = Debug|Any CPU
		{FCC52DD8-20EB-458C-B972-B10FDCDEB6BE}.Release|Any CPU.ActiveCfg = Release|Any CPU
		{FCC52DD8-20EB-458C-B972-B10FDCDEB6BE}.Release|Any CPU.Build.0 = Release|Any CPU
		{2D6FA720-9A04-4C02-B49F-E00DB9D8EAED}.Debug|Any CPU.ActiveCfg = Debug|Any CPU
		{2D6FA720-9A04-4C02-B49F-E00DB9D8EAED}.Debug|Any CPU.Build.0 = Debug|Any CPU
		{2D6FA720-9A04-4C02-B49F-E00DB9D8EAED}.Release|Any CPU.ActiveCfg = Release|Any CPU
		{2D6FA720-9A04-4C02-B49F-E00DB9D8EAED}.Release|Any CPU.Build.0 = Release|Any CPU
		{E655ABCD-CAAA-493B-864F-BC5C4FC2C9CC}.Debug|Any CPU.ActiveCfg = Debug|Any CPU
		{E655ABCD-CAAA-493B-864F-BC5C4FC2C9CC}.Debug|Any CPU.Build.0 = Debug|Any CPU
		{E655ABCD-CAAA-493B-864F-BC5C4FC2C9CC}.Release|Any CPU.ActiveCfg = Release|Any CPU
		{E655ABCD-CAAA-493B-864F-BC5C4FC2C9CC}.Release|Any CPU.Build.0 = Release|Any CPU
		{D3ADEFF0-B477-40C0-B36E-8CA1E77AC4B5}.Debug|Any CPU.ActiveCfg = Debug|Any CPU
		{D3ADEFF0-B477-40C0-B36E-8CA1E77AC4B5}.Debug|Any CPU.Build.0 = Debug|Any CPU
		{D3ADEFF0-B477-40C0-B36E-8CA1E77AC4B5}.Release|Any CPU.ActiveCfg = Release|Any CPU
		{D3ADEFF0-B477-40C0-B36E-8CA1E77AC4B5}.Release|Any CPU.Build.0 = Release|Any CPU
		{E80B068F-C334-4471-8910-00FBE52E5986}.Debug|Any CPU.ActiveCfg = Debug|Any CPU
		{E80B068F-C334-4471-8910-00FBE52E5986}.Debug|Any CPU.Build.0 = Debug|Any CPU
		{E80B068F-C334-4471-8910-00FBE52E5986}.Release|Any CPU.ActiveCfg = Release|Any CPU
		{E80B068F-C334-4471-8910-00FBE52E5986}.Release|Any CPU.Build.0 = Release|Any CPU
		{F3FC599E-5B30-4008-9DDB-927FF8576F3B}.Debug|Any CPU.ActiveCfg = Debug|Any CPU
		{F3FC599E-5B30-4008-9DDB-927FF8576F3B}.Debug|Any CPU.Build.0 = Debug|Any CPU
		{F3FC599E-5B30-4008-9DDB-927FF8576F3B}.Release|Any CPU.ActiveCfg = Release|Any CPU
		{F3FC599E-5B30-4008-9DDB-927FF8576F3B}.Release|Any CPU.Build.0 = Release|Any CPU
		{9AF03F8F-C11E-4BEC-AEF6-38AA4E96F37C}.Debug|Any CPU.ActiveCfg = Debug|Any CPU
		{9AF03F8F-C11E-4BEC-AEF6-38AA4E96F37C}.Debug|Any CPU.Build.0 = Debug|Any CPU
		{9AF03F8F-C11E-4BEC-AEF6-38AA4E96F37C}.Release|Any CPU.ActiveCfg = Release|Any CPU
		{9AF03F8F-C11E-4BEC-AEF6-38AA4E96F37C}.Release|Any CPU.Build.0 = Release|Any CPU
		{6AD75FB6-A1AE-48D4-8F39-0EE4D04C0788}.Debug|Any CPU.ActiveCfg = Debug|Any CPU
		{6AD75FB6-A1AE-48D4-8F39-0EE4D04C0788}.Debug|Any CPU.Build.0 = Debug|Any CPU
		{6AD75FB6-A1AE-48D4-8F39-0EE4D04C0788}.Release|Any CPU.ActiveCfg = Release|Any CPU
		{6AD75FB6-A1AE-48D4-8F39-0EE4D04C0788}.Release|Any CPU.Build.0 = Release|Any CPU
		{5E72746C-720C-4A73-A634-BDE5A3863A62}.Debug|Any CPU.ActiveCfg = Debug|Any CPU
		{5E72746C-720C-4A73-A634-BDE5A3863A62}.Debug|Any CPU.Build.0 = Debug|Any CPU
		{5E72746C-720C-4A73-A634-BDE5A3863A62}.Release|Any CPU.ActiveCfg = Release|Any CPU
		{5E72746C-720C-4A73-A634-BDE5A3863A62}.Release|Any CPU.Build.0 = Release|Any CPU
		{959C4EE4-E9A2-4C95-99F1-F3AC8296BCB6}.Debug|Any CPU.ActiveCfg = Debug|Any CPU
		{959C4EE4-E9A2-4C95-99F1-F3AC8296BCB6}.Debug|Any CPU.Build.0 = Debug|Any CPU
		{959C4EE4-E9A2-4C95-99F1-F3AC8296BCB6}.Release|Any CPU.ActiveCfg = Release|Any CPU
		{959C4EE4-E9A2-4C95-99F1-F3AC8296BCB6}.Release|Any CPU.Build.0 = Release|Any CPU
		{90EB4808-5904-47F1-A863-F3619C2E2378}.Debug|Any CPU.ActiveCfg = Debug|Any CPU
		{90EB4808-5904-47F1-A863-F3619C2E2378}.Debug|Any CPU.Build.0 = Debug|Any CPU
		{90EB4808-5904-47F1-A863-F3619C2E2378}.Release|Any CPU.ActiveCfg = Release|Any CPU
		{90EB4808-5904-47F1-A863-F3619C2E2378}.Release|Any CPU.Build.0 = Release|Any CPU
		{3C780F9D-AD53-4DAC-A562-A742A6318A77}.Debug|Any CPU.ActiveCfg = Debug|Any CPU
		{3C780F9D-AD53-4DAC-A562-A742A6318A77}.Debug|Any CPU.Build.0 = Debug|Any CPU
		{3C780F9D-AD53-4DAC-A562-A742A6318A77}.Release|Any CPU.ActiveCfg = Release|Any CPU
		{3C780F9D-AD53-4DAC-A562-A742A6318A77}.Release|Any CPU.Build.0 = Release|Any CPU
		{CC4F2775-6C88-43FA-A7EB-6627C4C8179A}.Debug|Any CPU.ActiveCfg = Debug|Any CPU
		{CC4F2775-6C88-43FA-A7EB-6627C4C8179A}.Debug|Any CPU.Build.0 = Debug|Any CPU
		{CC4F2775-6C88-43FA-A7EB-6627C4C8179A}.Release|Any CPU.ActiveCfg = Release|Any CPU
		{CC4F2775-6C88-43FA-A7EB-6627C4C8179A}.Release|Any CPU.Build.0 = Release|Any CPU
		{3560A16B-2E00-44D3-9991-D75BC11D48F7}.Debug|Any CPU.ActiveCfg = Debug|Any CPU
		{3560A16B-2E00-44D3-9991-D75BC11D48F7}.Debug|Any CPU.Build.0 = Debug|Any CPU
		{3560A16B-2E00-44D3-9991-D75BC11D48F7}.Release|Any CPU.ActiveCfg = Release|Any CPU
		{3560A16B-2E00-44D3-9991-D75BC11D48F7}.Release|Any CPU.Build.0 = Release|Any CPU
		{17C24C08-BFFE-4C37-89F9-1B372A4760E8}.Debug|Any CPU.ActiveCfg = Debug|Any CPU
		{17C24C08-BFFE-4C37-89F9-1B372A4760E8}.Debug|Any CPU.Build.0 = Debug|Any CPU
		{17C24C08-BFFE-4C37-89F9-1B372A4760E8}.Release|Any CPU.ActiveCfg = Release|Any CPU
		{17C24C08-BFFE-4C37-89F9-1B372A4760E8}.Release|Any CPU.Build.0 = Release|Any CPU
		{3FA5E72D-978A-4DC7-AE6E-7B0291FB64B5}.Debug|Any CPU.ActiveCfg = Debug|Any CPU
		{3FA5E72D-978A-4DC7-AE6E-7B0291FB64B5}.Debug|Any CPU.Build.0 = Debug|Any CPU
		{3FA5E72D-978A-4DC7-AE6E-7B0291FB64B5}.Release|Any CPU.ActiveCfg = Release|Any CPU
		{3FA5E72D-978A-4DC7-AE6E-7B0291FB64B5}.Release|Any CPU.Build.0 = Release|Any CPU
		{3836371F-21FB-4F57-9294-77B3899C7E20}.Debug|Any CPU.ActiveCfg = Debug|Any CPU
		{3836371F-21FB-4F57-9294-77B3899C7E20}.Debug|Any CPU.Build.0 = Debug|Any CPU
		{3836371F-21FB-4F57-9294-77B3899C7E20}.Release|Any CPU.ActiveCfg = Release|Any CPU
		{3836371F-21FB-4F57-9294-77B3899C7E20}.Release|Any CPU.Build.0 = Release|Any CPU
		{6B4635E8-CCD7-4B19-92FD-3F8636E56B46}.Debug|Any CPU.ActiveCfg = Debug|Any CPU
		{6B4635E8-CCD7-4B19-92FD-3F8636E56B46}.Debug|Any CPU.Build.0 = Debug|Any CPU
		{6B4635E8-CCD7-4B19-92FD-3F8636E56B46}.Release|Any CPU.ActiveCfg = Release|Any CPU
		{6B4635E8-CCD7-4B19-92FD-3F8636E56B46}.Release|Any CPU.Build.0 = Release|Any CPU
		{A1B68F30-2106-4FCE-8D85-02225BFA21C3}.Debug|Any CPU.ActiveCfg = Debug|Any CPU
		{A1B68F30-2106-4FCE-8D85-02225BFA21C3}.Debug|Any CPU.Build.0 = Debug|Any CPU
		{A1B68F30-2106-4FCE-8D85-02225BFA21C3}.Release|Any CPU.ActiveCfg = Release|Any CPU
		{A1B68F30-2106-4FCE-8D85-02225BFA21C3}.Release|Any CPU.Build.0 = Release|Any CPU
		{075A937A-9BEC-42C3-AFB8-99CA5497EF44}.Debug|Any CPU.ActiveCfg = Debug|Any CPU
		{075A937A-9BEC-42C3-AFB8-99CA5497EF44}.Debug|Any CPU.Build.0 = Debug|Any CPU
		{075A937A-9BEC-42C3-AFB8-99CA5497EF44}.Release|Any CPU.ActiveCfg = Release|Any CPU
		{075A937A-9BEC-42C3-AFB8-99CA5497EF44}.Release|Any CPU.Build.0 = Release|Any CPU
		{255600D4-B8F7-4721-B1A0-D2CF89925A8A}.Debug|Any CPU.ActiveCfg = Debug|Any CPU
		{255600D4-B8F7-4721-B1A0-D2CF89925A8A}.Debug|Any CPU.Build.0 = Debug|Any CPU
		{255600D4-B8F7-4721-B1A0-D2CF89925A8A}.Release|Any CPU.ActiveCfg = Release|Any CPU
		{255600D4-B8F7-4721-B1A0-D2CF89925A8A}.Release|Any CPU.Build.0 = Release|Any CPU
		{DCF819D4-4A0B-4764-BE5F-2581D6E87EDD}.Debug|Any CPU.ActiveCfg = Debug|Any CPU
		{DCF819D4-4A0B-4764-BE5F-2581D6E87EDD}.Debug|Any CPU.Build.0 = Debug|Any CPU
		{DCF819D4-4A0B-4764-BE5F-2581D6E87EDD}.Release|Any CPU.ActiveCfg = Release|Any CPU
		{DCF819D4-4A0B-4764-BE5F-2581D6E87EDD}.Release|Any CPU.Build.0 = Release|Any CPU
		{4291E9AA-0B2E-4085-8FD8-A06A63CF9D6E}.Debug|Any CPU.ActiveCfg = Debug|Any CPU
		{4291E9AA-0B2E-4085-8FD8-A06A63CF9D6E}.Debug|Any CPU.Build.0 = Debug|Any CPU
		{4291E9AA-0B2E-4085-8FD8-A06A63CF9D6E}.Release|Any CPU.ActiveCfg = Release|Any CPU
		{4291E9AA-0B2E-4085-8FD8-A06A63CF9D6E}.Release|Any CPU.Build.0 = Release|Any CPU
		{78D0082B-EBF8-4F4E-90C8-4F95E6CABD4C}.Debug|Any CPU.ActiveCfg = Debug|Any CPU
		{78D0082B-EBF8-4F4E-90C8-4F95E6CABD4C}.Debug|Any CPU.Build.0 = Debug|Any CPU
		{78D0082B-EBF8-4F4E-90C8-4F95E6CABD4C}.Release|Any CPU.ActiveCfg = Release|Any CPU
		{78D0082B-EBF8-4F4E-90C8-4F95E6CABD4C}.Release|Any CPU.Build.0 = Release|Any CPU
		{0577BFDB-5F0F-41F8-B138-F75A83C800DB}.Debug|Any CPU.ActiveCfg = Debug|Any CPU
		{0577BFDB-5F0F-41F8-B138-F75A83C800DB}.Debug|Any CPU.Build.0 = Debug|Any CPU
		{0577BFDB-5F0F-41F8-B138-F75A83C800DB}.Release|Any CPU.ActiveCfg = Release|Any CPU
		{0577BFDB-5F0F-41F8-B138-F75A83C800DB}.Release|Any CPU.Build.0 = Release|Any CPU
		{15F8C290-8B66-476A-AAD3-560AE892469E}.Debug|Any CPU.ActiveCfg = Debug|Any CPU
		{15F8C290-8B66-476A-AAD3-560AE892469E}.Debug|Any CPU.Build.0 = Debug|Any CPU
		{15F8C290-8B66-476A-AAD3-560AE892469E}.Release|Any CPU.ActiveCfg = Release|Any CPU
		{15F8C290-8B66-476A-AAD3-560AE892469E}.Release|Any CPU.Build.0 = Release|Any CPU
		{B8268135-EB48-45EE-8539-5623DBF41CD9}.Debug|Any CPU.ActiveCfg = Debug|Any CPU
		{B8268135-EB48-45EE-8539-5623DBF41CD9}.Debug|Any CPU.Build.0 = Debug|Any CPU
		{B8268135-EB48-45EE-8539-5623DBF41CD9}.Release|Any CPU.ActiveCfg = Release|Any CPU
		{B8268135-EB48-45EE-8539-5623DBF41CD9}.Release|Any CPU.Build.0 = Release|Any CPU
		{11B859AD-21FA-439C-90FA-6663DEBB479A}.Debug|Any CPU.ActiveCfg = Debug|Any CPU
		{11B859AD-21FA-439C-90FA-6663DEBB479A}.Debug|Any CPU.Build.0 = Debug|Any CPU
		{11B859AD-21FA-439C-90FA-6663DEBB479A}.Release|Any CPU.ActiveCfg = Release|Any CPU
		{11B859AD-21FA-439C-90FA-6663DEBB479A}.Release|Any CPU.Build.0 = Release|Any CPU
		{1D0E7E3D-CE1C-4621-B973-E76384D8A073}.Debug|Any CPU.ActiveCfg = Debug|Any CPU
		{1D0E7E3D-CE1C-4621-B973-E76384D8A073}.Debug|Any CPU.Build.0 = Debug|Any CPU
		{1D0E7E3D-CE1C-4621-B973-E76384D8A073}.Release|Any CPU.ActiveCfg = Release|Any CPU
		{1D0E7E3D-CE1C-4621-B973-E76384D8A073}.Release|Any CPU.Build.0 = Release|Any CPU
		{063D2CF3-733C-4B48-B601-92C7BA514520}.Debug|Any CPU.ActiveCfg = Debug|Any CPU
		{063D2CF3-733C-4B48-B601-92C7BA514520}.Debug|Any CPU.Build.0 = Debug|Any CPU
		{063D2CF3-733C-4B48-B601-92C7BA514520}.Release|Any CPU.ActiveCfg = Release|Any CPU
		{063D2CF3-733C-4B48-B601-92C7BA514520}.Release|Any CPU.Build.0 = Release|Any CPU
		{B5E0D4CA-472E-4F52-821B-0CCE5117BD10}.Debug|Any CPU.ActiveCfg = Debug|Any CPU
		{B5E0D4CA-472E-4F52-821B-0CCE5117BD10}.Debug|Any CPU.Build.0 = Debug|Any CPU
		{B5E0D4CA-472E-4F52-821B-0CCE5117BD10}.Release|Any CPU.ActiveCfg = Release|Any CPU
		{B5E0D4CA-472E-4F52-821B-0CCE5117BD10}.Release|Any CPU.Build.0 = Release|Any CPU
		{8A26477B-018D-4136-AE30-CDF4E62A8D1E}.Debug|Any CPU.ActiveCfg = Debug|Any CPU
		{8A26477B-018D-4136-AE30-CDF4E62A8D1E}.Debug|Any CPU.Build.0 = Debug|Any CPU
		{8A26477B-018D-4136-AE30-CDF4E62A8D1E}.Release|Any CPU.ActiveCfg = Release|Any CPU
		{8A26477B-018D-4136-AE30-CDF4E62A8D1E}.Release|Any CPU.Build.0 = Release|Any CPU
		{9958E91B-9BCD-4FC7-8588-2927F296075F}.Debug|Any CPU.ActiveCfg = Debug|Any CPU
		{9958E91B-9BCD-4FC7-8588-2927F296075F}.Debug|Any CPU.Build.0 = Debug|Any CPU
		{9958E91B-9BCD-4FC7-8588-2927F296075F}.Release|Any CPU.ActiveCfg = Release|Any CPU
		{9958E91B-9BCD-4FC7-8588-2927F296075F}.Release|Any CPU.Build.0 = Release|Any CPU
		{BF33423A-5B5E-4A9B-8240-BB3E2D97952D}.Debug|Any CPU.ActiveCfg = Debug|Any CPU
		{BF33423A-5B5E-4A9B-8240-BB3E2D97952D}.Debug|Any CPU.Build.0 = Debug|Any CPU
		{BF33423A-5B5E-4A9B-8240-BB3E2D97952D}.Release|Any CPU.ActiveCfg = Release|Any CPU
		{BF33423A-5B5E-4A9B-8240-BB3E2D97952D}.Release|Any CPU.Build.0 = Release|Any CPU
		{C50BFF23-2762-449B-BF36-F3DB92E7350E}.Debug|Any CPU.ActiveCfg = Debug|Any CPU
		{C50BFF23-2762-449B-BF36-F3DB92E7350E}.Debug|Any CPU.Build.0 = Debug|Any CPU
		{C50BFF23-2762-449B-BF36-F3DB92E7350E}.Release|Any CPU.ActiveCfg = Release|Any CPU
		{C50BFF23-2762-449B-BF36-F3DB92E7350E}.Release|Any CPU.Build.0 = Release|Any CPU
		{1C01530E-CA50-4B8F-9AF3-08C5E8936848}.Debug|Any CPU.ActiveCfg = Debug|Any CPU
		{1C01530E-CA50-4B8F-9AF3-08C5E8936848}.Debug|Any CPU.Build.0 = Debug|Any CPU
		{1C01530E-CA50-4B8F-9AF3-08C5E8936848}.Release|Any CPU.ActiveCfg = Release|Any CPU
		{1C01530E-CA50-4B8F-9AF3-08C5E8936848}.Release|Any CPU.Build.0 = Release|Any CPU
		{BFD6CF20-CA73-4714-B869-4B18F4012876}.Debug|Any CPU.ActiveCfg = Debug|Any CPU
		{BFD6CF20-CA73-4714-B869-4B18F4012876}.Debug|Any CPU.Build.0 = Debug|Any CPU
		{BFD6CF20-CA73-4714-B869-4B18F4012876}.Release|Any CPU.ActiveCfg = Release|Any CPU
		{BFD6CF20-CA73-4714-B869-4B18F4012876}.Release|Any CPU.Build.0 = Release|Any CPU
		{862A4C63-93A7-4799-9048-05293CB48B40}.Debug|Any CPU.ActiveCfg = Debug|Any CPU
		{862A4C63-93A7-4799-9048-05293CB48B40}.Debug|Any CPU.Build.0 = Debug|Any CPU
		{862A4C63-93A7-4799-9048-05293CB48B40}.Release|Any CPU.ActiveCfg = Release|Any CPU
		{862A4C63-93A7-4799-9048-05293CB48B40}.Release|Any CPU.Build.0 = Release|Any CPU
		{1BA23616-231C-4155-9DB9-036AF2892AC0}.Debug|Any CPU.ActiveCfg = Debug|Any CPU
		{1BA23616-231C-4155-9DB9-036AF2892AC0}.Debug|Any CPU.Build.0 = Debug|Any CPU
		{1BA23616-231C-4155-9DB9-036AF2892AC0}.Release|Any CPU.ActiveCfg = Release|Any CPU
		{1BA23616-231C-4155-9DB9-036AF2892AC0}.Release|Any CPU.Build.0 = Release|Any CPU
		{EB87C55C-7B08-483C-B084-073699257823}.Debug|Any CPU.ActiveCfg = Debug|Any CPU
		{EB87C55C-7B08-483C-B084-073699257823}.Debug|Any CPU.Build.0 = Debug|Any CPU
		{EB87C55C-7B08-483C-B084-073699257823}.Release|Any CPU.ActiveCfg = Release|Any CPU
		{EB87C55C-7B08-483C-B084-073699257823}.Release|Any CPU.Build.0 = Release|Any CPU
		{20C7B16E-9F0E-4715-8605-9B46A9DA6CE3}.Debug|Any CPU.ActiveCfg = Debug|Any CPU
		{20C7B16E-9F0E-4715-8605-9B46A9DA6CE3}.Debug|Any CPU.Build.0 = Debug|Any CPU
		{20C7B16E-9F0E-4715-8605-9B46A9DA6CE3}.Release|Any CPU.ActiveCfg = Release|Any CPU
		{20C7B16E-9F0E-4715-8605-9B46A9DA6CE3}.Release|Any CPU.Build.0 = Release|Any CPU
		{6B39420F-D6A1-4A21-A021-CEB9722E89CB}.Debug|Any CPU.ActiveCfg = Debug|Any CPU
		{6B39420F-D6A1-4A21-A021-CEB9722E89CB}.Debug|Any CPU.Build.0 = Debug|Any CPU
		{6B39420F-D6A1-4A21-A021-CEB9722E89CB}.Release|Any CPU.ActiveCfg = Release|Any CPU
		{6B39420F-D6A1-4A21-A021-CEB9722E89CB}.Release|Any CPU.Build.0 = Release|Any CPU
		{D0C7D0E8-3536-4C1B-B863-5D09637BB8CB}.Debug|Any CPU.ActiveCfg = Debug|Any CPU
		{D0C7D0E8-3536-4C1B-B863-5D09637BB8CB}.Debug|Any CPU.Build.0 = Debug|Any CPU
		{D0C7D0E8-3536-4C1B-B863-5D09637BB8CB}.Release|Any CPU.ActiveCfg = Release|Any CPU
		{D0C7D0E8-3536-4C1B-B863-5D09637BB8CB}.Release|Any CPU.Build.0 = Release|Any CPU
		{EEBCB539-B0D7-4189-8EB4-4CBCC6BB1596}.Debug|Any CPU.ActiveCfg = Debug|Any CPU
		{EEBCB539-B0D7-4189-8EB4-4CBCC6BB1596}.Debug|Any CPU.Build.0 = Debug|Any CPU
		{EEBCB539-B0D7-4189-8EB4-4CBCC6BB1596}.Release|Any CPU.ActiveCfg = Release|Any CPU
		{EEBCB539-B0D7-4189-8EB4-4CBCC6BB1596}.Release|Any CPU.Build.0 = Release|Any CPU
		{17629CB0-8DBE-44A3-B4A9-27E057ED0CDE}.Debug|Any CPU.ActiveCfg = Debug|Any CPU
		{17629CB0-8DBE-44A3-B4A9-27E057ED0CDE}.Debug|Any CPU.Build.0 = Debug|Any CPU
		{17629CB0-8DBE-44A3-B4A9-27E057ED0CDE}.Release|Any CPU.ActiveCfg = Release|Any CPU
		{17629CB0-8DBE-44A3-B4A9-27E057ED0CDE}.Release|Any CPU.Build.0 = Release|Any CPU
		{F369E5D4-5BD2-4044-9F57-F50D034A66E0}.Debug|Any CPU.ActiveCfg = Debug|Any CPU
		{F369E5D4-5BD2-4044-9F57-F50D034A66E0}.Debug|Any CPU.Build.0 = Debug|Any CPU
		{F369E5D4-5BD2-4044-9F57-F50D034A66E0}.Release|Any CPU.ActiveCfg = Release|Any CPU
		{F369E5D4-5BD2-4044-9F57-F50D034A66E0}.Release|Any CPU.Build.0 = Release|Any CPU
		{394EA28A-9EC7-401B-99E4-A81C02D35EFF}.Debug|Any CPU.ActiveCfg = Debug|Any CPU
		{394EA28A-9EC7-401B-99E4-A81C02D35EFF}.Debug|Any CPU.Build.0 = Debug|Any CPU
		{394EA28A-9EC7-401B-99E4-A81C02D35EFF}.Release|Any CPU.ActiveCfg = Release|Any CPU
		{394EA28A-9EC7-401B-99E4-A81C02D35EFF}.Release|Any CPU.Build.0 = Release|Any CPU
	EndGlobalSection
	GlobalSection(SolutionProperties) = preSolution
		HideSolutionNode = FALSE
	EndGlobalSection
	GlobalSection(ExtensibilityGlobals) = postSolution
		SolutionGuid = {5E0ED8BC-7C20-4EAC-95B5-D34C95E3C4A8}
	EndGlobalSection
EndGlobal
